
Microsoft Visual Studio Solution File, Format Version 12.00
# Visual Studio Version 17
VisualStudioVersion = 17.0.32014.148
MinimumVisualStudioVersion = 10.0.40219.1
Project("{FAE04EC0-301F-11D3-BF4B-00C04F79EFBC}") = "SuperHeroAPI", "SuperHeroAPI\SuperHeroAPI.csproj", "{9682E46B-7392-49A9-B947-408D930E1D36}"
EndProject
Global
	GlobalSection(SolutionConfigurationPlatforms) = preSolution
		Debug|Any CPU = Debug|Any CPU
		Release|Any CPU = Release|Any CPU
	EndGlobalSection
	GlobalSection(ProjectConfigurationPlatforms) = postSolution
		{9682E46B-7392-49A9-B947-408D930E1D36}.Debug|Any CPU.ActiveCfg = Debug|Any CPU
		{9682E46B-7392-49A9-B947-408D930E1D36}.Debug|Any CPU.Build.0 = Debug|Any CPU
		{9682E46B-7392-49A9-B947-408D930E1D36}.Release|Any CPU.ActiveCfg = Release|Any CPU
		{9682E46B-7392-49A9-B947-408D930E1D36}.Release|Any CPU.Build.0 = Release|Any CPU
	EndGlobalSection
	GlobalSection(SolutionProperties) = preSolution
		HideSolutionNode = FALSE
	EndGlobalSection
	GlobalSection(ExtensibilityGlobals) = postSolution
		SolutionGuid = {E7E2E5BC-2E17-4F39-B800-224FA30E3D3A}
	EndGlobalSection
EndGlobal
